
Microsoft Visual Studio Solution File, Format Version 12.00
# Visual Studio Version 16
VisualStudioVersion = 16.0.30804.86
MinimumVisualStudioVersion = 10.0.40219.1
Project("{FAE04EC0-301F-11D3-BF4B-00C04F79EFBC}") = "AuthorizationXAML", "AuthorizationXAML\AuthorizationXAML.csproj", "{05E1CF22-D429-41A1-BCBB-BACCD2D92620}"
EndProject
Global
	GlobalSection(SolutionConfigurationPlatforms) = preSolution
		Debug|Any CPU = Debug|Any CPU
		Release|Any CPU = Release|Any CPU
	EndGlobalSection
	GlobalSection(ProjectConfigurationPlatforms) = postSolution
		{05E1CF22-D429-41A1-BCBB-BACCD2D92620}.Debug|Any CPU.ActiveCfg = Debug|Any CPU
		{05E1CF22-D429-41A1-BCBB-BACCD2D92620}.Debug|Any CPU.Build.0 = Debug|Any CPU
		{05E1CF22-D429-41A1-BCBB-BACCD2D92620}.Release|Any CPU.ActiveCfg = Release|Any CPU
		{05E1CF22-D429-41A1-BCBB-BACCD2D92620}.Release|Any CPU.Build.0 = Release|Any CPU
	EndGlobalSection
	GlobalSection(SolutionProperties) = preSolution
		HideSolutionNode = FALSE
	EndGlobalSection
	GlobalSection(ExtensibilityGlobals) = postSolution
		SolutionGuid = {567BE860-D002-47A7-9B7F-08680B761F1A}
	EndGlobalSection
EndGlobal
